// !$*UTF8*$!
{
	archiveVersion = 1;
	classes = {
	};
	objectVersion = 56;
	objects = {

/* Begin PBXBuildFile section */
		A8131F3F2AA28059001C3388 /* Date.swift in Sources */ = {isa = PBXBuildFile; fileRef = A8131F3E2AA28059001C3388 /* Date.swift */; };
		A81437892A80586700A59C08 /* StasticalModel.swift in Sources */ = {isa = PBXBuildFile; fileRef = A81437882A80586700A59C08 /* StasticalModel.swift */; };
		A814378B2A8059DE00A59C08 /* StatisticView.swift in Sources */ = {isa = PBXBuildFile; fileRef = A814378A2A8059DE00A59C08 /* StatisticView.swift */; };
		A814378D2A805DA600A59C08 /* HomeStatsView.swift in Sources */ = {isa = PBXBuildFile; fileRef = A814378C2A805DA600A59C08 /* HomeStatsView.swift */; };
		A814378F2A80C7A500A59C08 /* MarketDataModel.swift in Sources */ = {isa = PBXBuildFile; fileRef = A814378E2A80C7A500A59C08 /* MarketDataModel.swift */; };
		A81437912A80CD1A00A59C08 /* MarketDataService.swift in Sources */ = {isa = PBXBuildFile; fileRef = A81437902A80CD1A00A59C08 /* MarketDataService.swift */; };
		A84F80BE2A7DAC50007E53EE /* NetworkingManager.swift in Sources */ = {isa = PBXBuildFile; fileRef = A84F80BD2A7DAC50007E53EE /* NetworkingManager.swift */; };
		A84F80C12A7E2362007E53EE /* CoinImageView.swift in Sources */ = {isa = PBXBuildFile; fileRef = A84F80C02A7E2362007E53EE /* CoinImageView.swift */; };
		A84F80C32A7E2599007E53EE /* CoinImageService.swift in Sources */ = {isa = PBXBuildFile; fileRef = A84F80C22A7E2599007E53EE /* CoinImageService.swift */; };
		A84F80C52A7E2788007E53EE /* ImageViewModel.swift in Sources */ = {isa = PBXBuildFile; fileRef = A84F80C42A7E2788007E53EE /* ImageViewModel.swift */; };
		A8894C612A821384005CF9C6 /* PortfolioView.swift in Sources */ = {isa = PBXBuildFile; fileRef = A8894C602A821384005CF9C6 /* PortfolioView.swift */; };
		A8894C632A821705005CF9C6 /* XmarkButton.swift in Sources */ = {isa = PBXBuildFile; fileRef = A8894C622A821705005CF9C6 /* XmarkButton.swift */; };
		A8894C652A82D2EC005CF9C6 /* CoinlogoView.swift in Sources */ = {isa = PBXBuildFile; fileRef = A8894C642A82D2EB005CF9C6 /* CoinlogoView.swift */; };
		A8894C682A8CC66D005CF9C6 /* PortfolioContainer.xcdatamodeld in Sources */ = {isa = PBXBuildFile; fileRef = A8894C662A8CC66D005CF9C6 /* PortfolioContainer.xcdatamodeld */; };
		A8894C6A2A8CC6E3005CF9C6 /* PortfolioDataService.swift in Sources */ = {isa = PBXBuildFile; fileRef = A8894C692A8CC6E3005CF9C6 /* PortfolioDataService.swift */; };
		A8894C6C2A8D53C1005CF9C6 /* HapticManager.swift in Sources */ = {isa = PBXBuildFile; fileRef = A8894C6B2A8D53C1005CF9C6 /* HapticManager.swift */; };
		A88FAB542AA28DC9008EB7F6 /* String.swift in Sources */ = {isa = PBXBuildFile; fileRef = A88FAB532AA28DC9008EB7F6 /* String.swift */; };
		A8A3D9C32A7B021D00C08446 /* SwiftCryptoApp.swift in Sources */ = {isa = PBXBuildFile; fileRef = A8A3D9C22A7B021D00C08446 /* SwiftCryptoApp.swift */; };
		A8A3D9C52A7B021D00C08446 /* ContentView.swift in Sources */ = {isa = PBXBuildFile; fileRef = A8A3D9C42A7B021D00C08446 /* ContentView.swift */; };
		A8A3D9CA2A7B021F00C08446 /* Preview Assets.xcassets in Resources */ = {isa = PBXBuildFile; fileRef = A8A3D9C92A7B021F00C08446 /* Preview Assets.xcassets */; };
		A8A3D9D32A7B03B300C08446 /* Assets.xcassets in Resources */ = {isa = PBXBuildFile; fileRef = A8A3D9D22A7B03B300C08446 /* Assets.xcassets */; };
		A8A3D9D62A7B042100C08446 /* Color.swift in Sources */ = {isa = PBXBuildFile; fileRef = A8A3D9D52A7B042100C08446 /* Color.swift */; };
		A8A3D9DC2A7B076100C08446 /* HomeView.swift in Sources */ = {isa = PBXBuildFile; fileRef = A8A3D9DB2A7B076100C08446 /* HomeView.swift */; };
		A8A3D9E02A7B099F00C08446 /* CircleButtonView.swift in Sources */ = {isa = PBXBuildFile; fileRef = A8A3D9DF2A7B099F00C08446 /* CircleButtonView.swift */; };
		A8A3D9E22A7B11D000C08446 /* CircleButtonAnimation.swift in Sources */ = {isa = PBXBuildFile; fileRef = A8A3D9E12A7B11D000C08446 /* CircleButtonAnimation.swift */; };
		A8A3D9E62A7BA83900C08446 /* CoinModel.swift in Sources */ = {isa = PBXBuildFile; fileRef = A8A3D9E52A7BA83900C08446 /* CoinModel.swift */; };
		A8E969DE2AA0C85500A964AD /* DetailView.swift in Sources */ = {isa = PBXBuildFile; fileRef = A8E969DD2AA0C85500A964AD /* DetailView.swift */; };
		A8E969E02AA219C600A964AD /* CoinDetailModel.swift in Sources */ = {isa = PBXBuildFile; fileRef = A8E969DF2AA219C600A964AD /* CoinDetailModel.swift */; };
		A8E969E22AA21ED200A964AD /* DetailViewModel.swift in Sources */ = {isa = PBXBuildFile; fileRef = A8E969E12AA21ED200A964AD /* DetailViewModel.swift */; };
		A8E969E42AA21EF500A964AD /* CoinDetailSerivce.swift in Sources */ = {isa = PBXBuildFile; fileRef = A8E969E32AA21EF500A964AD /* CoinDetailSerivce.swift */; };
		A8E969E62AA279D100A964AD /* ChartView.swift in Sources */ = {isa = PBXBuildFile; fileRef = A8E969E52AA279D100A964AD /* ChartView.swift */; };
		A8F917562A7EE43C002F1D5A /* LocalFileManager.swift in Sources */ = {isa = PBXBuildFile; fileRef = A8F917552A7EE43C002F1D5A /* LocalFileManager.swift */; };
		A8F917592A7EED0B002F1D5A /* SearchBarView.swift in Sources */ = {isa = PBXBuildFile; fileRef = A8F917582A7EED0B002F1D5A /* SearchBarView.swift */; };
		A8F9175B2A7EF982002F1D5A /* UIApplication.swift in Sources */ = {isa = PBXBuildFile; fileRef = A8F9175A2A7EF982002F1D5A /* UIApplication.swift */; };
		A8FC8A8B2A7BB2250045A480 /* CoinRowView.swift in Sources */ = {isa = PBXBuildFile; fileRef = A8FC8A8A2A7BB2240045A480 /* CoinRowView.swift */; };
		A8FC8A8E2A7BB2AA0045A480 /* PreviewProvider.swift in Sources */ = {isa = PBXBuildFile; fileRef = A8FC8A8D2A7BB2AA0045A480 /* PreviewProvider.swift */; };
		A8FC8A902A7BB8510045A480 /* Double.swift in Sources */ = {isa = PBXBuildFile; fileRef = A8FC8A8F2A7BB8510045A480 /* Double.swift */; };
		A8FC8A922A7C18CC0045A480 /* HomeViewModel.swift in Sources */ = {isa = PBXBuildFile; fileRef = A8FC8A912A7C18CC0045A480 /* HomeViewModel.swift */; };
		A8FC8A952A7C24880045A480 /* CoinDataService.swift in Sources */ = {isa = PBXBuildFile; fileRef = A8FC8A942A7C24880045A480 /* CoinDataService.swift */; };
/* End PBXBuildFile section */

/* Begin PBXFileReference section */
		A8131F3E2AA28059001C3388 /* Date.swift */ = {isa = PBXFileReference; lastKnownFileType = sourcecode.swift; path = Date.swift; sourceTree = "<group>"; };
		A81437882A80586700A59C08 /* StasticalModel.swift */ = {isa = PBXFileReference; lastKnownFileType = sourcecode.swift; path = StasticalModel.swift; sourceTree = "<group>"; };
		A814378A2A8059DE00A59C08 /* StatisticView.swift */ = {isa = PBXFileReference; lastKnownFileType = sourcecode.swift; path = StatisticView.swift; sourceTree = "<group>"; };
		A814378C2A805DA600A59C08 /* HomeStatsView.swift */ = {isa = PBXFileReference; lastKnownFileType = sourcecode.swift; path = HomeStatsView.swift; sourceTree = "<group>"; };
		A814378E2A80C7A500A59C08 /* MarketDataModel.swift */ = {isa = PBXFileReference; lastKnownFileType = sourcecode.swift; path = MarketDataModel.swift; sourceTree = "<group>"; };
		A81437902A80CD1A00A59C08 /* MarketDataService.swift */ = {isa = PBXFileReference; lastKnownFileType = sourcecode.swift; path = MarketDataService.swift; sourceTree = "<group>"; };
		A84F80BD2A7DAC50007E53EE /* NetworkingManager.swift */ = {isa = PBXFileReference; lastKnownFileType = sourcecode.swift; path = NetworkingManager.swift; sourceTree = "<group>"; };
		A84F80C02A7E2362007E53EE /* CoinImageView.swift */ = {isa = PBXFileReference; lastKnownFileType = sourcecode.swift; path = CoinImageView.swift; sourceTree = "<group>"; };
		A84F80C22A7E2599007E53EE /* CoinImageService.swift */ = {isa = PBXFileReference; lastKnownFileType = sourcecode.swift; path = CoinImageService.swift; sourceTree = "<group>"; };
		A84F80C42A7E2788007E53EE /* ImageViewModel.swift */ = {isa = PBXFileReference; lastKnownFileType = sourcecode.swift; path = ImageViewModel.swift; sourceTree = "<group>"; };
		A8894C602A821384005CF9C6 /* PortfolioView.swift */ = {isa = PBXFileReference; lastKnownFileType = sourcecode.swift; path = PortfolioView.swift; sourceTree = "<group>"; };
		A8894C622A821705005CF9C6 /* XmarkButton.swift */ = {isa = PBXFileReference; lastKnownFileType = sourcecode.swift; path = XmarkButton.swift; sourceTree = "<group>"; };
		A8894C642A82D2EB005CF9C6 /* CoinlogoView.swift */ = {isa = PBXFileReference; lastKnownFileType = sourcecode.swift; path = CoinlogoView.swift; sourceTree = "<group>"; };
		A8894C672A8CC66D005CF9C6 /* PortfolioContainer.xcdatamodel */ = {isa = PBXFileReference; lastKnownFileType = wrapper.xcdatamodel; path = PortfolioContainer.xcdatamodel; sourceTree = "<group>"; };
		A8894C692A8CC6E3005CF9C6 /* PortfolioDataService.swift */ = {isa = PBXFileReference; lastKnownFileType = sourcecode.swift; path = PortfolioDataService.swift; sourceTree = "<group>"; };
		A8894C6B2A8D53C1005CF9C6 /* HapticManager.swift */ = {isa = PBXFileReference; lastKnownFileType = sourcecode.swift; path = HapticManager.swift; sourceTree = "<group>"; };
		A88FAB532AA28DC9008EB7F6 /* String.swift */ = {isa = PBXFileReference; lastKnownFileType = sourcecode.swift; path = String.swift; sourceTree = "<group>"; };
		A8A3D9BF2A7B021D00C08446 /* SwiftCrypto.app */ = {isa = PBXFileReference; explicitFileType = wrapper.application; includeInIndex = 0; path = SwiftCrypto.app; sourceTree = BUILT_PRODUCTS_DIR; };
		A8A3D9C22A7B021D00C08446 /* SwiftCryptoApp.swift */ = {isa = PBXFileReference; lastKnownFileType = sourcecode.swift; path = SwiftCryptoApp.swift; sourceTree = "<group>"; };
		A8A3D9C42A7B021D00C08446 /* ContentView.swift */ = {isa = PBXFileReference; lastKnownFileType = sourcecode.swift; path = ContentView.swift; sourceTree = "<group>"; };
		A8A3D9C92A7B021F00C08446 /* Preview Assets.xcassets */ = {isa = PBXFileReference; lastKnownFileType = folder.assetcatalog; path = "Preview Assets.xcassets"; sourceTree = "<group>"; };
		A8A3D9D22A7B03B300C08446 /* Assets.xcassets */ = {isa = PBXFileReference; lastKnownFileType = folder.assetcatalog; name = Assets.xcassets; path = ../../../../Downloads/Resources/Assets.xcassets; sourceTree = "<group>"; };
		A8A3D9D52A7B042100C08446 /* Color.swift */ = {isa = PBXFileReference; lastKnownFileType = sourcecode.swift; path = Color.swift; sourceTree = "<group>"; };
		A8A3D9DB2A7B076100C08446 /* HomeView.swift */ = {isa = PBXFileReference; lastKnownFileType = sourcecode.swift; path = HomeView.swift; sourceTree = "<group>"; };
		A8A3D9DF2A7B099F00C08446 /* CircleButtonView.swift */ = {isa = PBXFileReference; lastKnownFileType = sourcecode.swift; path = CircleButtonView.swift; sourceTree = "<group>"; };
		A8A3D9E12A7B11D000C08446 /* CircleButtonAnimation.swift */ = {isa = PBXFileReference; lastKnownFileType = sourcecode.swift; path = CircleButtonAnimation.swift; sourceTree = "<group>"; };
		A8A3D9E52A7BA83900C08446 /* CoinModel.swift */ = {isa = PBXFileReference; lastKnownFileType = sourcecode.swift; path = CoinModel.swift; sourceTree = "<group>"; };
		A8E969DD2AA0C85500A964AD /* DetailView.swift */ = {isa = PBXFileReference; lastKnownFileType = sourcecode.swift; path = DetailView.swift; sourceTree = "<group>"; };
		A8E969DF2AA219C600A964AD /* CoinDetailModel.swift */ = {isa = PBXFileReference; lastKnownFileType = sourcecode.swift; path = CoinDetailModel.swift; sourceTree = "<group>"; };
		A8E969E12AA21ED200A964AD /* DetailViewModel.swift */ = {isa = PBXFileReference; lastKnownFileType = sourcecode.swift; path = DetailViewModel.swift; sourceTree = "<group>"; };
		A8E969E32AA21EF500A964AD /* CoinDetailSerivce.swift */ = {isa = PBXFileReference; lastKnownFileType = sourcecode.swift; path = CoinDetailSerivce.swift; sourceTree = "<group>"; };
		A8E969E52AA279D100A964AD /* ChartView.swift */ = {isa = PBXFileReference; lastKnownFileType = sourcecode.swift; path = ChartView.swift; sourceTree = "<group>"; };
		A8F917552A7EE43C002F1D5A /* LocalFileManager.swift */ = {isa = PBXFileReference; lastKnownFileType = sourcecode.swift; path = LocalFileManager.swift; sourceTree = "<group>"; };
		A8F917582A7EED0B002F1D5A /* SearchBarView.swift */ = {isa = PBXFileReference; lastKnownFileType = sourcecode.swift; path = SearchBarView.swift; sourceTree = "<group>"; };
		A8F9175A2A7EF982002F1D5A /* UIApplication.swift */ = {isa = PBXFileReference; lastKnownFileType = sourcecode.swift; path = UIApplication.swift; sourceTree = "<group>"; };
		A8FC8A8A2A7BB2240045A480 /* CoinRowView.swift */ = {isa = PBXFileReference; lastKnownFileType = sourcecode.swift; path = CoinRowView.swift; sourceTree = "<group>"; };
		A8FC8A8D2A7BB2AA0045A480 /* PreviewProvider.swift */ = {isa = PBXFileReference; lastKnownFileType = sourcecode.swift; path = PreviewProvider.swift; sourceTree = "<group>"; };
		A8FC8A8F2A7BB8510045A480 /* Double.swift */ = {isa = PBXFileReference; lastKnownFileType = sourcecode.swift; path = Double.swift; sourceTree = "<group>"; };
		A8FC8A912A7C18CC0045A480 /* HomeViewModel.swift */ = {isa = PBXFileReference; lastKnownFileType = sourcecode.swift; path = HomeViewModel.swift; sourceTree = "<group>"; };
		A8FC8A942A7C24880045A480 /* CoinDataService.swift */ = {isa = PBXFileReference; lastKnownFileType = sourcecode.swift; path = CoinDataService.swift; sourceTree = "<group>"; };
/* End PBXFileReference section */

/* Begin PBXFrameworksBuildPhase section */
		A8A3D9BC2A7B021D00C08446 /* Frameworks */ = {
			isa = PBXFrameworksBuildPhase;
			buildActionMask = 2147483647;
			files = (
			);
			runOnlyForDeploymentPostprocessing = 0;
		};
/* End PBXFrameworksBuildPhase section */

/* Begin PBXGroup section */
		A84F80BC2A7DAC19007E53EE /* Utilities */ = {
			isa = PBXGroup;
			children = (
				A84F80BD2A7DAC50007E53EE /* NetworkingManager.swift */,
				A8F917552A7EE43C002F1D5A /* LocalFileManager.swift */,
				A8894C6B2A8D53C1005CF9C6 /* HapticManager.swift */,
			);
			path = Utilities;
			sourceTree = "<group>";
		};
		A84F80BF2A7E2352007E53EE /* CoinImage */ = {
			isa = PBXGroup;
			children = (
				A84F80C02A7E2362007E53EE /* CoinImageView.swift */,
				A84F80C42A7E2788007E53EE /* ImageViewModel.swift */,
				A8894C642A82D2EB005CF9C6 /* CoinlogoView.swift */,
			);
			path = CoinImage;
			sourceTree = "<group>";
		};
		A8A3D9B62A7B021D00C08446 = {
			isa = PBXGroup;
			children = (
				A8A3D9C12A7B021D00C08446 /* SwiftCrypto */,
				A8A3D9C02A7B021D00C08446 /* Products */,
			);
			sourceTree = "<group>";
		};
		A8A3D9C02A7B021D00C08446 /* Products */ = {
			isa = PBXGroup;
			children = (
				A8A3D9BF2A7B021D00C08446 /* SwiftCrypto.app */,
			);
			name = Products;
			sourceTree = "<group>";
		};
		A8A3D9C12A7B021D00C08446 /* SwiftCrypto */ = {
			isa = PBXGroup;
			children = (
				A8A3D9C22A7B021D00C08446 /* SwiftCryptoApp.swift */,
				A8A3D9D42A7B03FC00C08446 /* Extensions */,
				A84F80BC2A7DAC19007E53EE /* Utilities */,
				A8FC8A932A7C24480045A480 /* Services */,
				A8A3D9E32A7BA80200C08446 /* Models */,
				A8A3D9D72A7B06C600C08446 /* Core */,
				A8A3D9C42A7B021D00C08446 /* ContentView.swift */,
				A8A3D9D22A7B03B300C08446 /* Assets.xcassets */,
				A8A3D9C82A7B021F00C08446 /* Preview Content */,
			);
			path = SwiftCrypto;
			sourceTree = "<group>";
		};
		A8A3D9C82A7B021F00C08446 /* Preview Content */ = {
			isa = PBXGroup;
			children = (
				A8A3D9C92A7B021F00C08446 /* Preview Assets.xcassets */,
			);
			path = "Preview Content";
			sourceTree = "<group>";
		};
		A8A3D9D42A7B03FC00C08446 /* Extensions */ = {
			isa = PBXGroup;
			children = (
				A8A3D9D52A7B042100C08446 /* Color.swift */,
				A8FC8A8D2A7BB2AA0045A480 /* PreviewProvider.swift */,
				A8F9175A2A7EF982002F1D5A /* UIApplication.swift */,
				A8FC8A8F2A7BB8510045A480 /* Double.swift */,
				A8131F3E2AA28059001C3388 /* Date.swift */,
				A88FAB532AA28DC9008EB7F6 /* String.swift */,
			);
			path = Extensions;
			sourceTree = "<group>";
		};
		A8A3D9D72A7B06C600C08446 /* Core */ = {
			isa = PBXGroup;
			children = (
				A8A3D9DD2A7B096F00C08446 /* Components */,
				A8A3D9D82A7B06F100C08446 /* Home */,
				A8E969DA2AA0C79100A964AD /* Details */,
			);
			path = Core;
			sourceTree = "<group>";
		};
		A8A3D9D82A7B06F100C08446 /* Home */ = {
			isa = PBXGroup;
			children = (
				A8A3D9DA2A7B073800C08446 /* ViewModels */,
				A8A3D9D92A7B071200C08446 /* Views */,
			);
			path = Home;
			sourceTree = "<group>";
		};
		A8A3D9D92A7B071200C08446 /* Views */ = {
			isa = PBXGroup;
			children = (
				A8A3D9DB2A7B076100C08446 /* HomeView.swift */,
				A8FC8A8A2A7BB2240045A480 /* CoinRowView.swift */,
				A814378C2A805DA600A59C08 /* HomeStatsView.swift */,
				A8894C602A821384005CF9C6 /* PortfolioView.swift */,
			);
			path = Views;
			sourceTree = "<group>";
		};
		A8A3D9DA2A7B073800C08446 /* ViewModels */ = {
			isa = PBXGroup;
			children = (
				A8FC8A912A7C18CC0045A480 /* HomeViewModel.swift */,
			);
			path = ViewModels;
			sourceTree = "<group>";
		};
		A8A3D9DD2A7B096F00C08446 /* Components */ = {
			isa = PBXGroup;
			children = (
				A8F917572A7EECE2002F1D5A /* SearchBar */,
				A84F80BF2A7E2352007E53EE /* CoinImage */,
				A8A3D9DE2A7B098500C08446 /* CircleButtons */,
				A814378A2A8059DE00A59C08 /* StatisticView.swift */,
				A8894C622A821705005CF9C6 /* XmarkButton.swift */,
			);
			path = Components;
			sourceTree = "<group>";
		};
		A8A3D9DE2A7B098500C08446 /* CircleButtons */ = {
			isa = PBXGroup;
			children = (
				A8A3D9DF2A7B099F00C08446 /* CircleButtonView.swift */,
				A8A3D9E12A7B11D000C08446 /* CircleButtonAnimation.swift */,
			);
			path = CircleButtons;
			sourceTree = "<group>";
		};
		A8A3D9E32A7BA80200C08446 /* Models */ = {
			isa = PBXGroup;
			children = (
				A8A3D9E52A7BA83900C08446 /* CoinModel.swift */,
				A8E969DF2AA219C600A964AD /* CoinDetailModel.swift */,
				A81437882A80586700A59C08 /* StasticalModel.swift */,
				A814378E2A80C7A500A59C08 /* MarketDataModel.swift */,
				A8894C662A8CC66D005CF9C6 /* PortfolioContainer.xcdatamodeld */,
			);
			path = Models;
			sourceTree = "<group>";
		};
		A8E969DA2AA0C79100A964AD /* Details */ = {
			isa = PBXGroup;
			children = (
				A8E969DB2AA0C81000A964AD /* ViewModels */,
				A8E969DC2AA0C81900A964AD /* Views */,
			);
			path = Details;
			sourceTree = "<group>";
		};
		A8E969DB2AA0C81000A964AD /* ViewModels */ = {
			isa = PBXGroup;
			children = (
				A8E969E12AA21ED200A964AD /* DetailViewModel.swift */,
			);
			path = ViewModels;
			sourceTree = "<group>";
		};
		A8E969DC2AA0C81900A964AD /* Views */ = {
			isa = PBXGroup;
			children = (
				A8E969DD2AA0C85500A964AD /* DetailView.swift */,
				A8E969E52AA279D100A964AD /* ChartView.swift */,
			);
			path = Views;
			sourceTree = "<group>";
		};
		A8F917572A7EECE2002F1D5A /* SearchBar */ = {
			isa = PBXGroup;
			children = (
				A8F917582A7EED0B002F1D5A /* SearchBarView.swift */,
			);
			path = SearchBar;
			sourceTree = "<group>";
		};
		A8FC8A932A7C24480045A480 /* Services */ = {
			isa = PBXGroup;
			children = (
				A8894C692A8CC6E3005CF9C6 /* PortfolioDataService.swift */,
				A8FC8A942A7C24880045A480 /* CoinDataService.swift */,
				A8E969E32AA21EF500A964AD /* CoinDetailSerivce.swift */,
				A84F80C22A7E2599007E53EE /* CoinImageService.swift */,
				A81437902A80CD1A00A59C08 /* MarketDataService.swift */,
			);
			path = Services;
			sourceTree = "<group>";
		};
/* End PBXGroup section */

/* Begin PBXNativeTarget section */
		A8A3D9BE2A7B021D00C08446 /* SwiftCrypto */ = {
			isa = PBXNativeTarget;
			buildConfigurationList = A8A3D9CD2A7B021F00C08446 /* Build configuration list for PBXNativeTarget "SwiftCrypto" */;
			buildPhases = (
				A8A3D9BB2A7B021D00C08446 /* Sources */,
				A8A3D9BC2A7B021D00C08446 /* Frameworks */,
				A8A3D9BD2A7B021D00C08446 /* Resources */,
			);
			buildRules = (
			);
			dependencies = (
			);
			name = SwiftCrypto;
			productName = SwiftCrypto;
			productReference = A8A3D9BF2A7B021D00C08446 /* SwiftCrypto.app */;
			productType = "com.apple.product-type.application";
		};
/* End PBXNativeTarget section */

/* Begin PBXProject section */
		A8A3D9B72A7B021D00C08446 /* Project object */ = {
			isa = PBXProject;
			attributes = {
				BuildIndependentTargetsInParallel = 1;
				LastSwiftUpdateCheck = 1430;
				LastUpgradeCheck = 1430;
				TargetAttributes = {
					A8A3D9BE2A7B021D00C08446 = {
						CreatedOnToolsVersion = 14.3.1;
					};
				};
			};
			buildConfigurationList = A8A3D9BA2A7B021D00C08446 /* Build configuration list for PBXProject "SwiftCrypto" */;
			compatibilityVersion = "Xcode 14.0";
			developmentRegion = en;
			hasScannedForEncodings = 0;
			knownRegions = (
				en,
				Base,
			);
			mainGroup = A8A3D9B62A7B021D00C08446;
			productRefGroup = A8A3D9C02A7B021D00C08446 /* Products */;
			projectDirPath = "";
			projectRoot = "";
			targets = (
				A8A3D9BE2A7B021D00C08446 /* SwiftCrypto */,
			);
		};
/* End PBXProject section */

/* Begin PBXResourcesBuildPhase section */
		A8A3D9BD2A7B021D00C08446 /* Resources */ = {
			isa = PBXResourcesBuildPhase;
			buildActionMask = 2147483647;
			files = (
				A8A3D9D32A7B03B300C08446 /* Assets.xcassets in Resources */,
				A8A3D9CA2A7B021F00C08446 /* Preview Assets.xcassets in Resources */,
			);
			runOnlyForDeploymentPostprocessing = 0;
		};
/* End PBXResourcesBuildPhase section */

/* Begin PBXSourcesBuildPhase section */
		A8A3D9BB2A7B021D00C08446 /* Sources */ = {
			isa = PBXSourcesBuildPhase;
			buildActionMask = 2147483647;
			files = (
				A8894C682A8CC66D005CF9C6 /* PortfolioContainer.xcdatamodeld in Sources */,
				A8FC8A952A7C24880045A480 /* CoinDataService.swift in Sources */,
				A8FC8A8B2A7BB2250045A480 /* CoinRowView.swift in Sources */,
				A8E969E62AA279D100A964AD /* ChartView.swift in Sources */,
				A8FC8A922A7C18CC0045A480 /* HomeViewModel.swift in Sources */,
				A8A3D9C52A7B021D00C08446 /* ContentView.swift in Sources */,
				A8F917562A7EE43C002F1D5A /* LocalFileManager.swift in Sources */,
				A8131F3F2AA28059001C3388 /* Date.swift in Sources */,
				A8A3D9DC2A7B076100C08446 /* HomeView.swift in Sources */,
				A814378F2A80C7A500A59C08 /* MarketDataModel.swift in Sources */,
				A84F80C12A7E2362007E53EE /* CoinImageView.swift in Sources */,
				A8E969E42AA21EF500A964AD /* CoinDetailSerivce.swift in Sources */,
				A8894C652A82D2EC005CF9C6 /* CoinlogoView.swift in Sources */,
				A814378B2A8059DE00A59C08 /* StatisticView.swift in Sources */,
				A8A3D9C32A7B021D00C08446 /* SwiftCryptoApp.swift in Sources */,
				A8F9175B2A7EF982002F1D5A /* UIApplication.swift in Sources */,
				A8A3D9E02A7B099F00C08446 /* CircleButtonView.swift in Sources */,
				A8A3D9E22A7B11D000C08446 /* CircleButtonAnimation.swift in Sources */,
				A8F917592A7EED0B002F1D5A /* SearchBarView.swift in Sources */,
				A8E969DE2AA0C85500A964AD /* DetailView.swift in Sources */,
				A8894C6C2A8D53C1005CF9C6 /* HapticManager.swift in Sources */,
				A81437892A80586700A59C08 /* StasticalModel.swift in Sources */,
				A84F80BE2A7DAC50007E53EE /* NetworkingManager.swift in Sources */,
				A814378D2A805DA600A59C08 /* HomeStatsView.swift in Sources */,
				A8894C632A821705005CF9C6 /* XmarkButton.swift in Sources */,
				A81437912A80CD1A00A59C08 /* MarketDataService.swift in Sources */,
				A8A3D9D62A7B042100C08446 /* Color.swift in Sources */,
				A88FAB542AA28DC9008EB7F6 /* String.swift in Sources */,
				A8FC8A8E2A7BB2AA0045A480 /* PreviewProvider.swift in Sources */,
				A8FC8A902A7BB8510045A480 /* Double.swift in Sources */,
				A8894C612A821384005CF9C6 /* PortfolioView.swift in Sources */,
				A84F80C32A7E2599007E53EE /* CoinImageService.swift in Sources */,
				A84F80C52A7E2788007E53EE /* ImageViewModel.swift in Sources */,
				A8E969E02AA219C600A964AD /* CoinDetailModel.swift in Sources */,
				A8A3D9E62A7BA83900C08446 /* CoinModel.swift in Sources */,
				A8E969E22AA21ED200A964AD /* DetailViewModel.swift in Sources */,
				A8894C6A2A8CC6E3005CF9C6 /* PortfolioDataService.swift in Sources */,
			);
			runOnlyForDeploymentPostprocessing = 0;
		};
/* End PBXSourcesBuildPhase section */

/* Begin XCBuildConfiguration section */
		A8A3D9CB2A7B021F00C08446 /* Debug */ = {
			isa = XCBuildConfiguration;
			buildSettings = {
				ALWAYS_SEARCH_USER_PATHS = NO;
				CLANG_ANALYZER_NONNULL = YES;
				CLANG_ANALYZER_NUMBER_OBJECT_CONVERSION = YES_AGGRESSIVE;
				CLANG_CXX_LANGUAGE_STANDARD = "gnu++20";
				CLANG_ENABLE_MODULES = YES;
				CLANG_ENABLE_OBJC_ARC = YES;
				CLANG_ENABLE_OBJC_WEAK = YES;
				CLANG_WARN_BLOCK_CAPTURE_AUTORELEASING = YES;
				CLANG_WARN_BOOL_CONVERSION = YES;
				CLANG_WARN_COMMA = YES;
				CLANG_WARN_CONSTANT_CONVERSION = YES;
				CLANG_WARN_DEPRECATED_OBJC_IMPLEMENTATIONS = YES;
				CLANG_WARN_DIRECT_OBJC_ISA_USAGE = YES_ERROR;
				CLANG_WARN_DOCUMENTATION_COMMENTS = YES;
				CLANG_WARN_EMPTY_BODY = YES;
				CLANG_WARN_ENUM_CONVERSION = YES;
				CLANG_WARN_INFINITE_RECURSION = YES;
				CLANG_WARN_INT_CONVERSION = YES;
				CLANG_WARN_NON_LITERAL_NULL_CONVERSION = YES;
				CLANG_WARN_OBJC_IMPLICIT_RETAIN_SELF = YES;
				CLANG_WARN_OBJC_LITERAL_CONVERSION = YES;
				CLANG_WARN_OBJC_ROOT_CLASS = YES_ERROR;
				CLANG_WARN_QUOTED_INCLUDE_IN_FRAMEWORK_HEADER = YES;
				CLANG_WARN_RANGE_LOOP_ANALYSIS = YES;
				CLANG_WARN_STRICT_PROTOTYPES = YES;
				CLANG_WARN_SUSPICIOUS_MOVE = YES;
				CLANG_WARN_UNGUARDED_AVAILABILITY = YES_AGGRESSIVE;
				CLANG_WARN_UNREACHABLE_CODE = YES;
				CLANG_WARN__DUPLICATE_METHOD_MATCH = YES;
				COPY_PHASE_STRIP = NO;
				DEBUG_INFORMATION_FORMAT = dwarf;
				ENABLE_STRICT_OBJC_MSGSEND = YES;
				ENABLE_TESTABILITY = YES;
				GCC_C_LANGUAGE_STANDARD = gnu11;
				GCC_DYNAMIC_NO_PIC = NO;
				GCC_NO_COMMON_BLOCKS = YES;
				GCC_OPTIMIZATION_LEVEL = 0;
				GCC_PREPROCESSOR_DEFINITIONS = (
					"DEBUG=1",
					"$(inherited)",
				);
				GCC_WARN_64_TO_32_BIT_CONVERSION = YES;
				GCC_WARN_ABOUT_RETURN_TYPE = YES_ERROR;
				GCC_WARN_UNDECLARED_SELECTOR = YES;
				GCC_WARN_UNINITIALIZED_AUTOS = YES_AGGRESSIVE;
				GCC_WARN_UNUSED_FUNCTION = YES;
				GCC_WARN_UNUSED_VARIABLE = YES;
				IPHONEOS_DEPLOYMENT_TARGET = 16.4;
				MTL_ENABLE_DEBUG_INFO = INCLUDE_SOURCE;
				MTL_FAST_MATH = YES;
				ONLY_ACTIVE_ARCH = YES;
				SDKROOT = iphoneos;
				SWIFT_ACTIVE_COMPILATION_CONDITIONS = DEBUG;
				SWIFT_OPTIMIZATION_LEVEL = "-Onone";
			};
			name = Debug;
		};
		A8A3D9CC2A7B021F00C08446 /* Release */ = {
			isa = XCBuildConfiguration;
			buildSettings = {
				ALWAYS_SEARCH_USER_PATHS = NO;
				CLANG_ANALYZER_NONNULL = YES;
				CLANG_ANALYZER_NUMBER_OBJECT_CONVERSION = YES_AGGRESSIVE;
				CLANG_CXX_LANGUAGE_STANDARD = "gnu++20";
				CLANG_ENABLE_MODULES = YES;
				CLANG_ENABLE_OBJC_ARC = YES;
				CLANG_ENABLE_OBJC_WEAK = YES;
				CLANG_WARN_BLOCK_CAPTURE_AUTORELEASING = YES;
				CLANG_WARN_BOOL_CONVERSION = YES;
				CLANG_WARN_COMMA = YES;
				CLANG_WARN_CONSTANT_CONVERSION = YES;
				CLANG_WARN_DEPRECATED_OBJC_IMPLEMENTATIONS = YES;
				CLANG_WARN_DIRECT_OBJC_ISA_USAGE = YES_ERROR;
				CLANG_WARN_DOCUMENTATION_COMMENTS = YES;
				CLANG_WARN_EMPTY_BODY = YES;
				CLANG_WARN_ENUM_CONVERSION = YES;
				CLANG_WARN_INFINITE_RECURSION = YES;
				CLANG_WARN_INT_CONVERSION = YES;
				CLANG_WARN_NON_LITERAL_NULL_CONVERSION = YES;
				CLANG_WARN_OBJC_IMPLICIT_RETAIN_SELF = YES;
				CLANG_WARN_OBJC_LITERAL_CONVERSION = YES;
				CLANG_WARN_OBJC_ROOT_CLASS = YES_ERROR;
				CLANG_WARN_QUOTED_INCLUDE_IN_FRAMEWORK_HEADER = YES;
				CLANG_WARN_RANGE_LOOP_ANALYSIS = YES;
				CLANG_WARN_STRICT_PROTOTYPES = YES;
				CLANG_WARN_SUSPICIOUS_MOVE = YES;
				CLANG_WARN_UNGUARDED_AVAILABILITY = YES_AGGRESSIVE;
				CLANG_WARN_UNREACHABLE_CODE = YES;
				CLANG_WARN__DUPLICATE_METHOD_MATCH = YES;
				COPY_PHASE_STRIP = NO;
				DEBUG_INFORMATION_FORMAT = "dwarf-with-dsym";
				ENABLE_NS_ASSERTIONS = NO;
				ENABLE_STRICT_OBJC_MSGSEND = YES;
				GCC_C_LANGUAGE_STANDARD = gnu11;
				GCC_NO_COMMON_BLOCKS = YES;
				GCC_WARN_64_TO_32_BIT_CONVERSION = YES;
				GCC_WARN_ABOUT_RETURN_TYPE = YES_ERROR;
				GCC_WARN_UNDECLARED_SELECTOR = YES;
				GCC_WARN_UNINITIALIZED_AUTOS = YES_AGGRESSIVE;
				GCC_WARN_UNUSED_FUNCTION = YES;
				GCC_WARN_UNUSED_VARIABLE = YES;
				IPHONEOS_DEPLOYMENT_TARGET = 16.4;
				MTL_ENABLE_DEBUG_INFO = NO;
				MTL_FAST_MATH = YES;
				SDKROOT = iphoneos;
				SWIFT_COMPILATION_MODE = wholemodule;
				SWIFT_OPTIMIZATION_LEVEL = "-O";
				VALIDATE_PRODUCT = YES;
			};
			name = Release;
		};
		A8A3D9CE2A7B021F00C08446 /* Debug */ = {
			isa = XCBuildConfiguration;
			buildSettings = {
				ASSETCATALOG_COMPILER_APPICON_NAME = AppIcon;
				ASSETCATALOG_COMPILER_GLOBAL_ACCENT_COLOR_NAME = AccentColor;
				CODE_SIGN_STYLE = Automatic;
				CURRENT_PROJECT_VERSION = 1;
				DEVELOPMENT_ASSET_PATHS = "\"SwiftCrypto/Preview Content\"";
				DEVELOPMENT_TEAM = 777RG97PMP;
				ENABLE_PREVIEWS = YES;
				GENERATE_INFOPLIST_FILE = YES;
				INFOPLIST_KEY_CFBundleDisplayName = "Crypto Tracker";
				INFOPLIST_KEY_UIApplicationSceneManifest_Generation = YES;
				INFOPLIST_KEY_UIApplicationSupportsIndirectInputEvents = YES;
				INFOPLIST_KEY_UILaunchScreen_Generation = YES;
				INFOPLIST_KEY_UISupportedInterfaceOrientations = UIInterfaceOrientationPortrait;
				INFOPLIST_KEY_UISupportedInterfaceOrientations_iPad = "UIInterfaceOrientationPortrait UIInterfaceOrientationPortraitUpsideDown";
				LD_RUNPATH_SEARCH_PATHS = (
					"$(inherited)",
					"@executable_path/Frameworks",
				);
				MARKETING_VERSION = 1.0;
				PRODUCT_BUNDLE_IDENTIFIER = com.harsha.SwiftCrypto;
				PRODUCT_NAME = "$(TARGET_NAME)";
				SUPPORTED_PLATFORMS = "iphoneos iphonesimulator";
				SUPPORTS_MACCATALYST = NO;
				SUPPORTS_MAC_DESIGNED_FOR_IPHONE_IPAD = NO;
				SWIFT_EMIT_LOC_STRINGS = YES;
				SWIFT_VERSION = 5.0;
				TARGETED_DEVICE_FAMILY = "1,2";
			};
			name = Debug;
		};
		A8A3D9CF2A7B021F00C08446 /* Release */ = {
			isa = XCBuildConfiguration;
			buildSettings = {
				ASSETCATALOG_COMPILER_APPICON_NAME = AppIcon;
				ASSETCATALOG_COMPILER_GLOBAL_ACCENT_COLOR_NAME = AccentColor;
				CODE_SIGN_STYLE = Automatic;
				CURRENT_PROJECT_VERSION = 1;
				DEVELOPMENT_ASSET_PATHS = "\"SwiftCrypto/Preview Content\"";
				DEVELOPMENT_TEAM = 777RG97PMP;
				ENABLE_PREVIEWS = YES;
				GENERATE_INFOPLIST_FILE = YES;
				INFOPLIST_KEY_CFBundleDisplayName = "Crypto Tracker";
				INFOPLIST_KEY_UIApplicationSceneManifest_Generation = YES;
				INFOPLIST_KEY_UIApplicationSupportsIndirectInputEvents = YES;
				INFOPLIST_KEY_UILaunchScreen_Generation = YES;
				INFOPLIST_KEY_UISupportedInterfaceOrientations = UIInterfaceOrientationPortrait;
				INFOPLIST_KEY_UISupportedInterfaceOrientations_iPad = "UIInterfaceOrientationPortrait UIInterfaceOrientationPortraitUpsideDown";
				LD_RUNPATH_SEARCH_PATHS = (
					"$(inherited)",
					"@executable_path/Frameworks",
				);
				MARKETING_VERSION = 1.0;
				PRODUCT_BUNDLE_IDENTIFIER = com.harsha.SwiftCrypto;
				PRODUCT_NAME = "$(TARGET_NAME)";
				SUPPORTED_PLATFORMS = "iphoneos iphonesimulator";
				SUPPORTS_MACCATALYST = NO;
				SUPPORTS_MAC_DESIGNED_FOR_IPHONE_IPAD = NO;
				SWIFT_EMIT_LOC_STRINGS = YES;
				SWIFT_VERSION = 5.0;
				TARGETED_DEVICE_FAMILY = "1,2";
			};
			name = Release;
		};
/* End XCBuildConfiguration section */

/* Begin XCConfigurationList section */
		A8A3D9BA2A7B021D00C08446 /* Build configuration list for PBXProject "SwiftCrypto" */ = {
			isa = XCConfigurationList;
			buildConfigurations = (
				A8A3D9CB2A7B021F00C08446 /* Debug */,
				A8A3D9CC2A7B021F00C08446 /* Release */,
			);
			defaultConfigurationIsVisible = 0;
			defaultConfigurationName = Release;
		};
		A8A3D9CD2A7B021F00C08446 /* Build configuration list for PBXNativeTarget "SwiftCrypto" */ = {
			isa = XCConfigurationList;
			buildConfigurations = (
				A8A3D9CE2A7B021F00C08446 /* Debug */,
				A8A3D9CF2A7B021F00C08446 /* Release */,
			);
			defaultConfigurationIsVisible = 0;
			defaultConfigurationName = Release;
		};
/* End XCConfigurationList section */

/* Begin XCVersionGroup section */
		A8894C662A8CC66D005CF9C6 /* PortfolioContainer.xcdatamodeld */ = {
			isa = XCVersionGroup;
			children = (
				A8894C672A8CC66D005CF9C6 /* PortfolioContainer.xcdatamodel */,
			);
			currentVersion = A8894C672A8CC66D005CF9C6 /* PortfolioContainer.xcdatamodel */;
			path = PortfolioContainer.xcdatamodeld;
			sourceTree = "<group>";
			versionGroupType = wrapper.xcdatamodel;
		};
/* End XCVersionGroup section */
	};
	rootObject = A8A3D9B72A7B021D00C08446 /* Project object */;
}
